
Microsoft Visual Studio Solution File, Format Version 12.00
# Visual Studio for Mac
Project("{FAE04EC0-301F-11D3-BF4B-00C04F79EFBC}") = "Assembly-CSharp", "Assembly-CSharp.csproj", "{EA0FD8C6-ABFA-5E74-6BEE-2909678127AD}"
EndProject
Global
	GlobalSection(SolutionConfigurationPlatforms) = preSolution
		Debug|Any CPU = Debug|Any CPU
		Release|Any CPU = Release|Any CPU
	EndGlobalSection
	GlobalSection(ProjectConfigurationPlatforms) = postSolution
		{EA0FD8C6-ABFA-5E74-6BEE-2909678127AD}.Debug|Any CPU.ActiveCfg = Debug|Any CPU
		{EA0FD8C6-ABFA-5E74-6BEE-2909678127AD}.Debug|Any CPU.Build.0 = Debug|Any CPU
		{EA0FD8C6-ABFA-5E74-6BEE-2909678127AD}.Release|Any CPU.ActiveCfg = Release|Any CPU
		{EA0FD8C6-ABFA-5E74-6BEE-2909678127AD}.Release|Any CPU.Build.0 = Release|Any CPU
	EndGlobalSection
	GlobalSection(SolutionProperties) = preSolution
		HideSolutionNode = FALSE
	EndGlobalSection
EndGlobal
